<?xml version="1.0" encoding="utf-8"?>
<Project ToolsVersion="4.0" xmlns="http://schemas.microsoft.com/developer/msbuild/2003">
  <ItemGroup>
    <Filter Include="Common">
      <UniqueIdentifier>f32329a3-cc70-4f2f-8186-324a5b3dbf61</UniqueIdentifier>
    </Filter>
    <Filter Include="Assets">
      <UniqueIdentifier>4877be50-d82b-49ce-b825-5f640c3498cf</UniqueIdentifier>
      <Extensions>ico;cur;bmp;dds;dlg;fbx;rct;bin;rgs;gif;jpg;jpeg;jpe;resx;tga;tiff;tif;png;wav;mfcribbon-ms</Extensions>
    </Filter>
    <Filter Include="Sources">
      <UniqueIdentifier>{7eb8a164-8d17-471d-8f68-5c4a9e8983a2}</UniqueIdentifier>
    </Filter>
    <Filter Include="Sources\Scene">
      <UniqueIdentifier>{2402fcd1-dee1-4c3b-ab24-82a7b9088a4b}</UniqueIdentifier>
    </Filter>
    <Filter Include="Sources\Object">
      <UniqueIdentifier>{ae2804f7-8efc-4421-a3e1-a53d01fc1f77}</UniqueIdentifier>
    </Filter>
    <Filter Include="Sources\Component">
      <UniqueIdentifier>{f8e478b5-d3a0-4e34-85f1-a300c4eb0e82}</UniqueIdentifier>
    </Filter>
    <Filter Include="Sources\Physics">
      <UniqueIdentifier>{08adfe0c-188f-4b4b-963e-3c195067784f}</UniqueIdentifier>
    </Filter>
    <Filter Include="Sources\Item">
      <UniqueIdentifier>{e2da9c4f-abff-49c4-946d-ea4eaba64d1b}</UniqueIdentifier>
    </Filter>
    <Filter Include="Sources\StageData">
      <UniqueIdentifier>{4ce034bf-4dce-49c5-bd8e-688ccd4a26c6}</UniqueIdentifier>
    </Filter>
    <Filter Include="Resources">
      <UniqueIdentifier>{0438791d-cce9-4338-add7-23f596ab91dc}</UniqueIdentifier>
    </Filter>
    <Filter Include="Resources\Stages">
      <UniqueIdentifier>{8a25f5d5-219b-4019-a41a-917d3d9b858a}</UniqueIdentifier>
    </Filter>
  </ItemGroup>
  <ItemGroup>
    <ClInclude Include="pch.h" />
    <ClInclude Include="Game.h" />
    <ClInclude Include="StepTimer.h">
      <Filter>Common</Filter>
    </ClInclude>
    <ClInclude Include="DeviceResources.h">
      <Filter>Common</Filter>
    </ClInclude>
    <ClInclude Include="Sources\Scene\SceneManager.h">
      <Filter>Sources\Scene</Filter>
    </ClInclude>
    <ClInclude Include="Sources\Scene\Scene.h">
      <Filter>Sources\Scene</Filter>
    </ClInclude>
    <ClInclude Include="Sources\Scene\TitleScene.h">
      <Filter>Sources\Scene</Filter>
    </ClInclude>
    <ClInclude Include="Sources\Scene\GameScene.h">
      <Filter>Sources\Scene</Filter>
    </ClInclude>
    <ClInclude Include="Sources\Input.h">
      <Filter>Sources</Filter>
    </ClInclude>
    <ClInclude Include="Sources\Object\Camera.h">
      <Filter>Sources\Object</Filter>
    </ClInclude>
    <ClInclude Include="Sources\Object\Player.h">
      <Filter>Sources\Object</Filter>
    </ClInclude>
    <ClInclude Include="Sources\Cursor.h">
      <Filter>Sources</Filter>
    </ClInclude>
    <ClInclude Include="Sources\Component\Collider.h">
      <Filter>Sources\Component</Filter>
    </ClInclude>
    <ClInclude Include="Sources\Object\Floor.h">
      <Filter>Sources\Object</Filter>
    </ClInclude>
    <ClInclude Include="Sources\Object\Wall.h">
      <Filter>Sources\Object</Filter>
    </ClInclude>
    <ClInclude Include="Sources\Object\GameObject.h">
      <Filter>Sources\Object</Filter>
    </ClInclude>
    <ClInclude Include="Sources\Object\ObjectManager.h">
      <Filter>Sources\Object</Filter>
    </ClInclude>
    <ClInclude Include="Sources\Component\ColliderManager.h">
      <Filter>Sources\Component</Filter>
    </ClInclude>
    <ClInclude Include="Sources\Physics\PhysicsManager.h">
      <Filter>Sources\Physics</Filter>
    </ClInclude>
    <ClInclude Include="Sources\Component\RigidBody.h">
      <Filter>Sources\Component</Filter>
    </ClInclude>
    <ClInclude Include="Sources\Item\HookGun.h">
      <Filter>Sources\Item</Filter>
    </ClInclude>
    <ClInclude Include="Sources\StageData\StageData.h">
      <Filter>Sources\StageData</Filter>
    </ClInclude>
    <ClInclude Include="Sources\StageData\StageLoader.h">
      <Filter>Sources\StageData</Filter>
    </ClInclude>
    <ClInclude Include="Sources\StageData\StageBuilder.h">
      <Filter>Sources\StageData</Filter>
    </ClInclude>
  </ItemGroup>
  <ItemGroup>
    <ClCompile Include="pch.cpp" />
    <ClCompile Include="Game.cpp" />
    <ClCompile Include="Main.cpp" />
    <ClCompile Include="DeviceResources.cpp">
      <Filter>Common</Filter>
    </ClCompile>
    <ClCompile Include="Sources\Scene\SceneManager.cpp">
      <Filter>Sources\Scene</Filter>
    </ClCompile>
    <ClCompile Include="Sources\Scene\TitleScene.cpp">
      <Filter>Sources\Scene</Filter>
    </ClCompile>
    <ClCompile Include="Sources\Scene\GameScene.cpp">
      <Filter>Sources\Scene</Filter>
    </ClCompile>
    <ClCompile Include="Sources\Input.cpp">
      <Filter>Sources</Filter>
    </ClCompile>
    <ClCompile Include="Sources\Object\Camera.cpp">
      <Filter>Sources\Object</Filter>
    </ClCompile>
    <ClCompile Include="Sources\Object\Player.cpp">
      <Filter>Sources\Object</Filter>
    </ClCompile>
    <ClCompile Include="Sources\Cursor.cpp">
      <Filter>Sources</Filter>
    </ClCompile>
    <ClCompile Include="Sources\Component\Collider.cpp">
      <Filter>Sources\Component</Filter>
    </ClCompile>
    <ClCompile Include="Sources\Object\Floor.cpp">
      <Filter>Sources\Object</Filter>
    </ClCompile>
    <ClCompile Include="Sources\Object\Wall.cpp">
      <Filter>Sources\Object</Filter>
    </ClCompile>
    <ClCompile Include="Sources\Object\GameObject.cpp">
      <Filter>Sources\Object</Filter>
    </ClCompile>
    <ClCompile Include="Sources\Object\ObjectManager.cpp">
      <Filter>Sources\Object</Filter>
    </ClCompile>
    <ClCompile Include="Sources\Component\ColliderManager.cpp">
      <Filter>Sources\Component</Filter>
    </ClCompile>
    <ClCompile Include="Sources\Physics\PhysicsManager.cpp">
      <Filter>Sources\Physics</Filter>
    </ClCompile>
    <ClCompile Include="Sources\Component\RigidBody.cpp">
      <Filter>Sources\Component</Filter>
    </ClCompile>
    <ClCompile Include="Sources\Item\HookGun.cpp">
      <Filter>Sources\Item</Filter>
    </ClCompile>
    <ClCompile Include="Sources\StageData\StageBuilder.cpp">
      <Filter>Sources\StageData</Filter>
    </ClCompile>
    <ClCompile Include="Sources\StageData\StageLoader.cpp">
      <Filter>Sources\StageData</Filter>
    </ClCompile>
  </ItemGroup>
  <ItemGroup>
    <ResourceCompile Include="resource.rc" />
  </ItemGroup>
  <ItemGroup>
    <Image Include="directx.ico">
      <Filter>Assets</Filter>
    </Image>
  </ItemGroup>
  <ItemGroup>
    <Manifest Include="settings.manifest">
      <Filter>Assets</Filter>
    </Manifest>
  </ItemGroup>
  <ItemGroup>
    <None Include="packages.config" />
    <None Include="Resources\Stages\Stage1.json">
      <Filter>Resources\Stages</Filter>
    </None>
  </ItemGroup>
</Project>